PODS:
  - MeCardParser (1.0.0)

DEPENDENCIES:
  - MeCardParser (from `https://github.com/Kishore-Prakash/MeCardParser.git`)

EXTERNAL SOURCES:
  MeCardParser:
    :git: https://github.com/Kishore-Prakash/MeCardParser.git

CHECKOUT OPTIONS:
  MeCardParser:
    :commit: 78ef9e92704915368b8b554ffd9003c0653aa14d
    :git: https://github.com/Kishore-Prakash/MeCardParser.git

SPEC CHECKSUMS:
  MeCardParser: 2403117e9e0a760b910b7c91fea016a960c1a785

PODFILE CHECKSUM: 9da3e4d00eefe1df68f47edd557319c502fd2700

COCOAPODS: 1.9.3
